
Microsoft Visual Studio Solution File, Format Version 12.00
# Visual Studio Version 16
VisualStudioVersion = 16.0.30804.86
MinimumVisualStudioVersion = 10.0.40219.1
Project("{FAE04EC0-301F-11D3-BF4B-00C04F79EFBC}") = "FastDtw", "NDtw\FastDtw.csproj", "{572EB90F-7F5D-484D-A701-C7FF1556FE32}"
EndProject
Project("{FAE04EC0-301F-11D3-BF4B-00C04F79EFBC}") = "FastDtw.Tests", "NDtw.Tests\FastDtw.Tests.csproj", "{3ECE6A10-45A2-4D70-BCA8-25A196C40F47}"
EndProject
Global
	GlobalSection(SolutionConfigurationPlatforms) = preSolution
		Debug|Any CPU = Debug|Any CPU
		Debug|Mixed Platforms = Debug|Mixed Platforms
		Debug|x86 = Debug|x86
		Release|Any CPU = Release|Any CPU
		Release|Mixed Platforms = Release|Mixed Platforms
		Release|x86 = Release|x86
	EndGlobalSection
	GlobalSection(ProjectConfigurationPlatforms) = postSolution
		{572EB90F-7F5D-484D-A701-C7FF1556FE32}.Debug|Any CPU.ActiveCfg = Debug|Any CPU
		{572EB90F-7F5D-484D-A701-C7FF1556FE32}.Debug|Any CPU.Build.0 = Debug|Any CPU
		{572EB90F-7F5D-484D-A701-C7FF1556FE32}.Debug|Mixed Platforms.ActiveCfg = Debug|Any CPU
		{572EB90F-7F5D-484D-A701-C7FF1556FE32}.Debug|Mixed Platforms.Build.0 = Debug|Any CPU
		{572EB90F-7F5D-484D-A701-C7FF1556FE32}.Debug|x86.ActiveCfg = Debug|Any CPU
		{572EB90F-7F5D-484D-A701-C7FF1556FE32}.Release|Any CPU.ActiveCfg = Release|Any CPU
		{572EB90F-7F5D-484D-A701-C7FF1556FE32}.Release|Any CPU.Build.0 = Release|Any CPU
		{572EB90F-7F5D-484D-A701-C7FF1556FE32}.Release|Mixed Platforms.ActiveCfg = Release|Any CPU
		{572EB90F-7F5D-484D-A701-C7FF1556FE32}.Release|Mixed Platforms.Build.0 = Release|Any CPU
		{572EB90F-7F5D-484D-A701-C7FF1556FE32}.Release|x86.ActiveCfg = Release|Any CPU
		{3ECE6A10-45A2-4D70-BCA8-25A196C40F47}.Debug|Any CPU.ActiveCfg = Debug|Any CPU
		{3ECE6A10-45A2-4D70-BCA8-25A196C40F47}.Debug|Any CPU.Build.0 = Debug|Any CPU
		{3ECE6A10-45A2-4D70-BCA8-25A196C40F47}.Debug|Mixed Platforms.ActiveCfg = Debug|Any CPU
		{3ECE6A10-45A2-4D70-BCA8-25A196C40F47}.Debug|Mixed Platforms.Build.0 = Debug|Any CPU
		{3ECE6A10-45A2-4D70-BCA8-25A196C40F47}.Debug|x86.ActiveCfg = Debug|Any CPU
		{3ECE6A10-45A2-4D70-BCA8-25A196C40F47}.Debug|x86.Build.0 = Debug|Any CPU
		{3ECE6A10-45A2-4D70-BCA8-25A196C40F47}.Release|Any CPU.ActiveCfg = Release|Any CPU
		{3ECE6A10-45A2-4D70-BCA8-25A196C40F47}.Release|Any CPU.Build.0 = Release|Any CPU
		{3ECE6A10-45A2-4D70-BCA8-25A196C40F47}.Release|Mixed Platforms.ActiveCfg = Release|Any CPU
		{3ECE6A10-45A2-4D70-BCA8-25A196C40F47}.Release|Mixed Platforms.Build.0 = Release|Any CPU
		{3ECE6A10-45A2-4D70-BCA8-25A196C40F47}.Release|x86.ActiveCfg = Release|Any CPU
		{3ECE6A10-45A2-4D70-BCA8-25A196C40F47}.Release|x86.Build.0 = Release|Any CPU
	EndGlobalSection
	GlobalSection(SolutionProperties) = preSolution
		HideSolutionNode = FALSE
	EndGlobalSection
	GlobalSection(ExtensibilityGlobals) = postSolution
		SolutionGuid = {41157FE1-1989-409E-B594-1780E78F6624}
	EndGlobalSection
EndGlobal
